
Microsoft Visual Studio Solution File, Format Version 12.00
# Visual Studio Version 17
VisualStudioVersion = 17.10.35122.118
MinimumVisualStudioVersion = 10.0.40219.1
Project("{FAE04EC0-301F-11D3-BF4B-00C04F79EFBC}") = "Markdown_Editor", "Markdown_Editor\Markdown_Editor.csproj", "{EC25CC06-F2EE-461A-8495-438B69288C35}"
EndProject
Global
	GlobalSection(SolutionConfigurationPlatforms) = preSolution
		Debug|Any CPU = Debug|Any CPU
		Release|Any CPU = Release|Any CPU
	EndGlobalSection
	GlobalSection(ProjectConfigurationPlatforms) = postSolution
		{EC25CC06-F2EE-461A-8495-438B69288C35}.Debug|Any CPU.ActiveCfg = Debug|Any CPU
		{EC25CC06-F2EE-461A-8495-438B69288C35}.Debug|Any CPU.Build.0 = Debug|Any CPU
		{EC25CC06-F2EE-461A-8495-438B69288C35}.Release|Any CPU.ActiveCfg = Release|Any CPU
		{EC25CC06-F2EE-461A-8495-438B69288C35}.Release|Any CPU.Build.0 = Release|Any CPU
	EndGlobalSection
	GlobalSection(SolutionProperties) = preSolution
		HideSolutionNode = FALSE
	EndGlobalSection
	GlobalSection(ExtensibilityGlobals) = postSolution
		SolutionGuid = {EF1A3410-DD7E-417E-9457-49D4D3466832}
	EndGlobalSection
EndGlobal
